
Microsoft Visual Studio Solution File, Format Version 12.00
Project("{FAE04EC0-301F-11D3-BF4B-00C04F79EFBC}") = "BadVM", "VM\BadVM\BadVM.csproj", "{DA0AC3BC-474D-4A36-B1AE-A2E0F31E9A6B}"
EndProject
Project("{FAE04EC0-301F-11D3-BF4B-00C04F79EFBC}") = "BadAssembler", "Languages\BadAssembler\BadAssembler.csproj", "{6CF736CC-B071-4F67-8183-0797C325F090}"
EndProject
Project("{2150E333-8FDC-42A3-9474-1A3956D46DE8}") = "Consoles", "Consoles", "{846CBA24-0EFB-4901-9E43-CCC09779E121}"
EndProject
Project("{FAE04EC0-301F-11D3-BF4B-00C04F79EFBC}") = "bvm", "Consoles\bvm\bvm.csproj", "{31DD6CBD-3FD3-4C0E-96A7-7F7177DB19FB}"
EndProject
Project("{FAE04EC0-301F-11D3-BF4B-00C04F79EFBC}") = "basm", "Consoles\basm\basm.csproj", "{04CD3E25-AC3F-4DBA-BA60-12253D9D0818}"
EndProject
Project("{FAE04EC0-301F-11D3-BF4B-00C04F79EFBC}") = "TestConsole", "Consoles\TestConsole\TestConsole.csproj", "{2F362994-DA1E-4847-9CF5-DAACE9578608}"
EndProject
Project("{FAE04EC0-301F-11D3-BF4B-00C04F79EFBC}") = "BadVM.Shared", "VM\BadVM.Shared\BadVM.Shared.csproj", "{963D9EDC-D315-4AA1-839D-877274FED3FA}"
EndProject
Project("{FAE04EC0-301F-11D3-BF4B-00C04F79EFBC}") = "BadC", "Languages\BadC\BadC.csproj", "{7C4D639D-8000-4130-8D5E-6327CC214D5F}"
EndProject
Project("{2150E333-8FDC-42A3-9474-1A3956D46DE8}") = "Plugins", "Plugins", "{1DB50EBC-B4D5-4D35-AB61-45DFE2BBE7A3}"
EndProject
Project("{FAE04EC0-301F-11D3-BF4B-00C04F79EFBC}") = "BadVM.InteropConsole", "VM\Plugins\BadVM.InteropConsole\BadVM.InteropConsole.csproj", "{D09C283A-19F1-4013-BDAA-D1A395024D97}"
EndProject
Project("{FAE04EC0-301F-11D3-BF4B-00C04F79EFBC}") = "BadVM.Drives", "VM\Plugins\BadVM.Drives\BadVM.Drives.csproj", "{35767BD4-2D61-448E-84FA-5E56115A9CFB}"
EndProject
Project("{2150E333-8FDC-42A3-9474-1A3956D46DE8}") = "Tests", "Tests", "{1BE53F89-1DCB-4C4D-9B6E-8B3862312CF6}"
EndProject
Project("{FAE04EC0-301F-11D3-BF4B-00C04F79EFBC}") = "BadLang.TestFramework", "Tests\BadLang.TestFramework\BadLang.TestFramework.csproj", "{13825A33-AD85-49A5-B219-2042E98143ED}"
EndProject
Project("{2150E333-8FDC-42A3-9474-1A3956D46DE8}") = "VM", "VM", "{4173983D-94C8-44C9-9157-9135B056DF98}"
EndProject
Project("{2150E333-8FDC-42A3-9474-1A3956D46DE8}") = "Languages", "Languages", "{B01A580D-24C5-45C1-B530-E7E8826BCAD0}"
EndProject
Project("{FAE04EC0-301F-11D3-BF4B-00C04F79EFBC}") = "BadVM.Tests", "Tests\BadVM.Tests\BadVM.Tests.csproj", "{DE64C0CF-5686-4816-B702-1E68CF4A1F83}"
EndProject
Project("{FAE04EC0-301F-11D3-BF4B-00C04F79EFBC}") = "BadC.Tests", "Tests\BadC.Tests\BadC.Tests.csproj", "{49D6450B-564B-4E2B-9E4E-6227A9D84A34}"
EndProject
Project("{FAE04EC0-301F-11D3-BF4B-00C04F79EFBC}") = "BadVM.TimeDevice", "VM\Plugins\BadVM.TimeDevice\BadVM.TimeDevice.csproj", "{967C8892-6928-4B11-AF60-F5A37EB2EC72}"
EndProject
Project("{FAE04EC0-301F-11D3-BF4B-00C04F79EFBC}") = "BadVM.Debugger.BASM", "VM\Plugins\BadVM.Debugger.BASM\BadVM.Debugger.BASM.csproj", "{B3DDC5C0-7F5B-405F-8813-40E43BD2EEC0}"
EndProject
Project("{FAE04EC0-301F-11D3-BF4B-00C04F79EFBC}") = "BadVM.Debugger.BadC", "VM\Plugins\BadVM.Debugger.BadC\BadVM.Debugger.BadC.csproj", "{776CF4B4-A378-425C-A1E2-2567D62A7578}"
EndProject
Global
	GlobalSection(SolutionConfigurationPlatforms) = preSolution
		Debug|Any CPU = Debug|Any CPU
		Release|Any CPU = Release|Any CPU
	EndGlobalSection
	GlobalSection(ProjectConfigurationPlatforms) = postSolution
		{DA0AC3BC-474D-4A36-B1AE-A2E0F31E9A6B}.Debug|Any CPU.ActiveCfg = Debug|Any CPU
		{DA0AC3BC-474D-4A36-B1AE-A2E0F31E9A6B}.Debug|Any CPU.Build.0 = Debug|Any CPU
		{DA0AC3BC-474D-4A36-B1AE-A2E0F31E9A6B}.Release|Any CPU.ActiveCfg = Release|Any CPU
		{DA0AC3BC-474D-4A36-B1AE-A2E0F31E9A6B}.Release|Any CPU.Build.0 = Release|Any CPU
		{6CF736CC-B071-4F67-8183-0797C325F090}.Debug|Any CPU.ActiveCfg = Debug|Any CPU
		{6CF736CC-B071-4F67-8183-0797C325F090}.Debug|Any CPU.Build.0 = Debug|Any CPU
		{6CF736CC-B071-4F67-8183-0797C325F090}.Release|Any CPU.ActiveCfg = Release|Any CPU
		{6CF736CC-B071-4F67-8183-0797C325F090}.Release|Any CPU.Build.0 = Release|Any CPU
		{31DD6CBD-3FD3-4C0E-96A7-7F7177DB19FB}.Debug|Any CPU.ActiveCfg = Debug|Any CPU
		{31DD6CBD-3FD3-4C0E-96A7-7F7177DB19FB}.Debug|Any CPU.Build.0 = Debug|Any CPU
		{31DD6CBD-3FD3-4C0E-96A7-7F7177DB19FB}.Release|Any CPU.ActiveCfg = Release|Any CPU
		{31DD6CBD-3FD3-4C0E-96A7-7F7177DB19FB}.Release|Any CPU.Build.0 = Release|Any CPU
		{04CD3E25-AC3F-4DBA-BA60-12253D9D0818}.Debug|Any CPU.ActiveCfg = Debug|Any CPU
		{04CD3E25-AC3F-4DBA-BA60-12253D9D0818}.Debug|Any CPU.Build.0 = Debug|Any CPU
		{04CD3E25-AC3F-4DBA-BA60-12253D9D0818}.Release|Any CPU.ActiveCfg = Release|Any CPU
		{04CD3E25-AC3F-4DBA-BA60-12253D9D0818}.Release|Any CPU.Build.0 = Release|Any CPU
		{2F362994-DA1E-4847-9CF5-DAACE9578608}.Debug|Any CPU.ActiveCfg = Debug|Any CPU
		{2F362994-DA1E-4847-9CF5-DAACE9578608}.Debug|Any CPU.Build.0 = Debug|Any CPU
		{2F362994-DA1E-4847-9CF5-DAACE9578608}.Release|Any CPU.ActiveCfg = Release|Any CPU
		{2F362994-DA1E-4847-9CF5-DAACE9578608}.Release|Any CPU.Build.0 = Release|Any CPU
		{963D9EDC-D315-4AA1-839D-877274FED3FA}.Debug|Any CPU.ActiveCfg = Debug|Any CPU
		{963D9EDC-D315-4AA1-839D-877274FED3FA}.Debug|Any CPU.Build.0 = Debug|Any CPU
		{963D9EDC-D315-4AA1-839D-877274FED3FA}.Release|Any CPU.ActiveCfg = Release|Any CPU
		{963D9EDC-D315-4AA1-839D-877274FED3FA}.Release|Any CPU.Build.0 = Release|Any CPU
		{7C4D639D-8000-4130-8D5E-6327CC214D5F}.Debug|Any CPU.ActiveCfg = Debug|Any CPU
		{7C4D639D-8000-4130-8D5E-6327CC214D5F}.Debug|Any CPU.Build.0 = Debug|Any CPU
		{7C4D639D-8000-4130-8D5E-6327CC214D5F}.Release|Any CPU.ActiveCfg = Release|Any CPU
		{7C4D639D-8000-4130-8D5E-6327CC214D5F}.Release|Any CPU.Build.0 = Release|Any CPU
		{D09C283A-19F1-4013-BDAA-D1A395024D97}.Debug|Any CPU.ActiveCfg = Debug|Any CPU
		{D09C283A-19F1-4013-BDAA-D1A395024D97}.Debug|Any CPU.Build.0 = Debug|Any CPU
		{D09C283A-19F1-4013-BDAA-D1A395024D97}.Release|Any CPU.ActiveCfg = Release|Any CPU
		{D09C283A-19F1-4013-BDAA-D1A395024D97}.Release|Any CPU.Build.0 = Release|Any CPU
		{35767BD4-2D61-448E-84FA-5E56115A9CFB}.Debug|Any CPU.ActiveCfg = Debug|Any CPU
		{35767BD4-2D61-448E-84FA-5E56115A9CFB}.Debug|Any CPU.Build.0 = Debug|Any CPU
		{35767BD4-2D61-448E-84FA-5E56115A9CFB}.Release|Any CPU.ActiveCfg = Release|Any CPU
		{35767BD4-2D61-448E-84FA-5E56115A9CFB}.Release|Any CPU.Build.0 = Release|Any CPU
		{13825A33-AD85-49A5-B219-2042E98143ED}.Debug|Any CPU.ActiveCfg = Debug|Any CPU
		{13825A33-AD85-49A5-B219-2042E98143ED}.Debug|Any CPU.Build.0 = Debug|Any CPU
		{13825A33-AD85-49A5-B219-2042E98143ED}.Release|Any CPU.ActiveCfg = Release|Any CPU
		{13825A33-AD85-49A5-B219-2042E98143ED}.Release|Any CPU.Build.0 = Release|Any CPU
		{DE64C0CF-5686-4816-B702-1E68CF4A1F83}.Debug|Any CPU.ActiveCfg = Debug|Any CPU
		{DE64C0CF-5686-4816-B702-1E68CF4A1F83}.Debug|Any CPU.Build.0 = Debug|Any CPU
		{DE64C0CF-5686-4816-B702-1E68CF4A1F83}.Release|Any CPU.ActiveCfg = Release|Any CPU
		{DE64C0CF-5686-4816-B702-1E68CF4A1F83}.Release|Any CPU.Build.0 = Release|Any CPU
		{49D6450B-564B-4E2B-9E4E-6227A9D84A34}.Debug|Any CPU.ActiveCfg = Debug|Any CPU
		{49D6450B-564B-4E2B-9E4E-6227A9D84A34}.Debug|Any CPU.Build.0 = Debug|Any CPU
		{49D6450B-564B-4E2B-9E4E-6227A9D84A34}.Release|Any CPU.ActiveCfg = Release|Any CPU
		{49D6450B-564B-4E2B-9E4E-6227A9D84A34}.Release|Any CPU.Build.0 = Release|Any CPU
		{967C8892-6928-4B11-AF60-F5A37EB2EC72}.Debug|Any CPU.ActiveCfg = Debug|Any CPU
		{967C8892-6928-4B11-AF60-F5A37EB2EC72}.Debug|Any CPU.Build.0 = Debug|Any CPU
		{967C8892-6928-4B11-AF60-F5A37EB2EC72}.Release|Any CPU.ActiveCfg = Release|Any CPU
		{967C8892-6928-4B11-AF60-F5A37EB2EC72}.Release|Any CPU.Build.0 = Release|Any CPU
		{B3DDC5C0-7F5B-405F-8813-40E43BD2EEC0}.Debug|Any CPU.ActiveCfg = Debug|Any CPU
		{B3DDC5C0-7F5B-405F-8813-40E43BD2EEC0}.Debug|Any CPU.Build.0 = Debug|Any CPU
		{B3DDC5C0-7F5B-405F-8813-40E43BD2EEC0}.Release|Any CPU.ActiveCfg = Release|Any CPU
		{B3DDC5C0-7F5B-405F-8813-40E43BD2EEC0}.Release|Any CPU.Build.0 = Release|Any CPU
		{776CF4B4-A378-425C-A1E2-2567D62A7578}.Debug|Any CPU.ActiveCfg = Debug|Any CPU
		{776CF4B4-A378-425C-A1E2-2567D62A7578}.Debug|Any CPU.Build.0 = Debug|Any CPU
		{776CF4B4-A378-425C-A1E2-2567D62A7578}.Release|Any CPU.ActiveCfg = Release|Any CPU
		{776CF4B4-A378-425C-A1E2-2567D62A7578}.Release|Any CPU.Build.0 = Release|Any CPU
	EndGlobalSection
	GlobalSection(NestedProjects) = preSolution
		{31DD6CBD-3FD3-4C0E-96A7-7F7177DB19FB} = {846CBA24-0EFB-4901-9E43-CCC09779E121}
		{04CD3E25-AC3F-4DBA-BA60-12253D9D0818} = {846CBA24-0EFB-4901-9E43-CCC09779E121}
		{2F362994-DA1E-4847-9CF5-DAACE9578608} = {846CBA24-0EFB-4901-9E43-CCC09779E121}
		{D09C283A-19F1-4013-BDAA-D1A395024D97} = {1DB50EBC-B4D5-4D35-AB61-45DFE2BBE7A3}
		{35767BD4-2D61-448E-84FA-5E56115A9CFB} = {1DB50EBC-B4D5-4D35-AB61-45DFE2BBE7A3}
		{13825A33-AD85-49A5-B219-2042E98143ED} = {1BE53F89-1DCB-4C4D-9B6E-8B3862312CF6}
		{DA0AC3BC-474D-4A36-B1AE-A2E0F31E9A6B} = {4173983D-94C8-44C9-9157-9135B056DF98}
		{963D9EDC-D315-4AA1-839D-877274FED3FA} = {4173983D-94C8-44C9-9157-9135B056DF98}
		{1DB50EBC-B4D5-4D35-AB61-45DFE2BBE7A3} = {4173983D-94C8-44C9-9157-9135B056DF98}
		{6CF736CC-B071-4F67-8183-0797C325F090} = {B01A580D-24C5-45C1-B530-E7E8826BCAD0}
		{7C4D639D-8000-4130-8D5E-6327CC214D5F} = {B01A580D-24C5-45C1-B530-E7E8826BCAD0}
		{DE64C0CF-5686-4816-B702-1E68CF4A1F83} = {1BE53F89-1DCB-4C4D-9B6E-8B3862312CF6}
		{49D6450B-564B-4E2B-9E4E-6227A9D84A34} = {1BE53F89-1DCB-4C4D-9B6E-8B3862312CF6}
		{967C8892-6928-4B11-AF60-F5A37EB2EC72} = {1DB50EBC-B4D5-4D35-AB61-45DFE2BBE7A3}
		{B3DDC5C0-7F5B-405F-8813-40E43BD2EEC0} = {1DB50EBC-B4D5-4D35-AB61-45DFE2BBE7A3}
		{776CF4B4-A378-425C-A1E2-2567D62A7578} = {1DB50EBC-B4D5-4D35-AB61-45DFE2BBE7A3}
	EndGlobalSection
EndGlobal
