
Microsoft Visual Studio Solution File, Format Version 12.00
Project("{FAE04EC0-301F-11D3-BF4B-00C04F79EFBC}") = "blc", "Consoles\blc\blc.csproj", "{EB61D66B-3CB7-4434-B779-49CAA4925EAD}"
EndProject
Project("{2150E333-8FDC-42A3-9474-1A3956D46DE8}") = "Consoles", "Consoles", "{1B38394D-F694-4DE0-B804-8AFBDCF58DA7}"
EndProject
Project("{2150E333-8FDC-42A3-9474-1A3956D46DE8}") = "Libs", "Libs", "{CBCD9DCB-5894-4C49-9807-73703F01741D}"
EndProject
Project("{8BC9CEB8-8B4A-11D0-8D11-00A0C91BC942}") = "BadLang.VirtualMachine", "Libs\BadLang.VirtualMachine\BadLang.VirtualMachine.vcxproj", "{CB853B92-B102-45F8-864E-E8C69B68781D}"
EndProject
Project("{FAE04EC0-301F-11D3-BF4B-00C04F79EFBC}") = "BadLang.Compiler", "Libs\BadLang.Compiler\BadLang.Compiler.csproj", "{DE9585AB-41A5-41F3-8CBD-60B5F2D4E713}"
EndProject
Project("{FAE04EC0-301F-11D3-BF4B-00C04F79EFBC}") = "BadLang.Compiler.Assembly", "Libs\BadLang.Compiler.Assembly\BadLang.Compiler.Assembly.csproj", "{D8309E80-811A-408A-A240-D3EAF9D511A9}"
EndProject
Project("{FAE04EC0-301F-11D3-BF4B-00C04F79EFBC}") = "BadLang.Compiler.C", "Libs\BadLang.Compiler.C\BadLang.Compiler.C.csproj", "{E91A26AA-0ABE-4B97-A741-02D026CDEB1D}"
EndProject
Project("{8BC9CEB8-8B4A-11D0-8D11-00A0C91BC942}") = "bl", "Consoles\bl\bl.vcxproj", "{22CBFAA5-D455-4173-9850-51DD02BC7620}"
EndProject
Global
	GlobalSection(SolutionConfigurationPlatforms) = preSolution
		Debug|Any CPU = Debug|Any CPU
		Release|Any CPU = Release|Any CPU
	EndGlobalSection
	GlobalSection(ProjectConfigurationPlatforms) = postSolution
		{EB61D66B-3CB7-4434-B779-49CAA4925EAD}.Debug|Any CPU.ActiveCfg = Debug|Any CPU
		{EB61D66B-3CB7-4434-B779-49CAA4925EAD}.Debug|Any CPU.Build.0 = Debug|Any CPU
		{EB61D66B-3CB7-4434-B779-49CAA4925EAD}.Release|Any CPU.ActiveCfg = Release|Any CPU
		{EB61D66B-3CB7-4434-B779-49CAA4925EAD}.Release|Any CPU.Build.0 = Release|Any CPU
		{DE9585AB-41A5-41F3-8CBD-60B5F2D4E713}.Debug|Any CPU.ActiveCfg = Debug|Any CPU
		{DE9585AB-41A5-41F3-8CBD-60B5F2D4E713}.Debug|Any CPU.Build.0 = Debug|Any CPU
		{DE9585AB-41A5-41F3-8CBD-60B5F2D4E713}.Release|Any CPU.ActiveCfg = Release|Any CPU
		{DE9585AB-41A5-41F3-8CBD-60B5F2D4E713}.Release|Any CPU.Build.0 = Release|Any CPU
		{D8309E80-811A-408A-A240-D3EAF9D511A9}.Debug|Any CPU.ActiveCfg = Debug|Any CPU
		{D8309E80-811A-408A-A240-D3EAF9D511A9}.Debug|Any CPU.Build.0 = Debug|Any CPU
		{D8309E80-811A-408A-A240-D3EAF9D511A9}.Release|Any CPU.ActiveCfg = Release|Any CPU
		{D8309E80-811A-408A-A240-D3EAF9D511A9}.Release|Any CPU.Build.0 = Release|Any CPU
		{E91A26AA-0ABE-4B97-A741-02D026CDEB1D}.Debug|Any CPU.ActiveCfg = Debug|Any CPU
		{E91A26AA-0ABE-4B97-A741-02D026CDEB1D}.Debug|Any CPU.Build.0 = Debug|Any CPU
		{E91A26AA-0ABE-4B97-A741-02D026CDEB1D}.Release|Any CPU.ActiveCfg = Release|Any CPU
		{E91A26AA-0ABE-4B97-A741-02D026CDEB1D}.Release|Any CPU.Build.0 = Release|Any CPU
		{CB853B92-B102-45F8-864E-E8C69B68781D}.Debug|Any CPU.ActiveCfg = Debug|x64
		{CB853B92-B102-45F8-864E-E8C69B68781D}.Debug|Any CPU.Build.0 = Debug|x64
		{CB853B92-B102-45F8-864E-E8C69B68781D}.Release|Any CPU.ActiveCfg = Release|x64
		{CB853B92-B102-45F8-864E-E8C69B68781D}.Release|Any CPU.Build.0 = Release|x64
		{22CBFAA5-D455-4173-9850-51DD02BC7620}.Debug|Any CPU.ActiveCfg = Debug|x64
		{22CBFAA5-D455-4173-9850-51DD02BC7620}.Debug|Any CPU.Build.0 = Debug|x64
		{22CBFAA5-D455-4173-9850-51DD02BC7620}.Release|Any CPU.ActiveCfg = Release|x64
		{22CBFAA5-D455-4173-9850-51DD02BC7620}.Release|Any CPU.Build.0 = Release|x64
	EndGlobalSection
	GlobalSection(NestedProjects) = preSolution
		{EB61D66B-3CB7-4434-B779-49CAA4925EAD} = {1B38394D-F694-4DE0-B804-8AFBDCF58DA7}
		{CB853B92-B102-45F8-864E-E8C69B68781D} = {CBCD9DCB-5894-4C49-9807-73703F01741D}
		{DE9585AB-41A5-41F3-8CBD-60B5F2D4E713} = {CBCD9DCB-5894-4C49-9807-73703F01741D}
		{D8309E80-811A-408A-A240-D3EAF9D511A9} = {CBCD9DCB-5894-4C49-9807-73703F01741D}
		{E91A26AA-0ABE-4B97-A741-02D026CDEB1D} = {CBCD9DCB-5894-4C49-9807-73703F01741D}
		{22CBFAA5-D455-4173-9850-51DD02BC7620} = {1B38394D-F694-4DE0-B804-8AFBDCF58DA7}
	EndGlobalSection
EndGlobal
